{
  "name": "nft-ipv4",
  "version": "1.0.0",
  "lockfileVersion": 3,
  "requires": true,
  "packages": {
    "": {
      "name": "nft-ipv4",
      "version": "1.0.0",
      "license": "ISC",
      "dependencies": {
        "@openzeppelin/contracts": "^4.9.2",
        "solady": "^0.0.107"
      }
    },
    "node_modules/@openzeppelin/contracts": {
      "version": "4.9.2",
      "resolved": "https://registry.npmjs.org/@openzeppelin/contracts/-/contracts-4.9.2.tgz",
      "integrity": "sha512-mO+y6JaqXjWeMh9glYVzVu8HYPGknAAnWyxTRhGeckOruyXQMNnlcW6w/Dx9ftLeIQk6N+ZJFuVmTwF7lEIFrg=="
    },
    "node_modules/solady": {
      "version": "0.0.107",
      "resolved": "https://registry.npmjs.org/solady/-/solady-0.0.107.tgz",
      "integrity": "sha512-etZ9XZ5IlHiLaE3itu6w7gROVVO7s2bBUfuCw/hMx9u2Jpv8rYv7l1SYAdAiBT6WKbpwBvp8PPLtIcoLKmIFKQ=="
    }
  }
}
